
Microsoft Visual Studio Solution File, Format Version 12.00
# Visual Studio Version 16
VisualStudioVersion = 25.0.1706.9
MinimumVisualStudioVersion = 10.0.40219.1
Project("{FAE04EC0-301F-11D3-BF4B-00C04F79EFBC}") = "Task1", "Task1\Task1.csproj", "{32390933-4671-4987-85DD-702D0FACC077}"
EndProject
Global
	GlobalSection(SolutionConfigurationPlatforms) = preSolution
		Debug|Any CPU = Debug|Any CPU
		Release|Any CPU = Release|Any CPU
	EndGlobalSection
	GlobalSection(ProjectConfigurationPlatforms) = postSolution
		{32390933-4671-4987-85DD-702D0FACC077}.Debug|Any CPU.ActiveCfg = Debug|Any CPU
		{32390933-4671-4987-85DD-702D0FACC077}.Debug|Any CPU.Build.0 = Debug|Any CPU
		{32390933-4671-4987-85DD-702D0FACC077}.Release|Any CPU.ActiveCfg = Release|Any CPU
		{32390933-4671-4987-85DD-702D0FACC077}.Release|Any CPU.Build.0 = Release|Any CPU
	EndGlobalSection
	GlobalSection(SolutionProperties) = preSolution
		HideSolutionNode = FALSE
	EndGlobalSection
	GlobalSection(ExtensibilityGlobals) = postSolution
		SolutionGuid = {258F6B5C-9EC4-49D4-86A5-BB93A0A0DB22}
	EndGlobalSection
EndGlobal
